{
  "requires": true,
  "lockfileVersion": 1,
  "dependencies": {
    "create-next-app": {
      "version": "10.0.3",
      "resolved": "https://registry.npmjs.org/create-next-app/-/create-next-app-10.0.3.tgz",
      "integrity": "sha512-P7A17ZlxqcRh05BpExYjPCetrodlHyno2Blb2b+8gkmn/7qKmVF+Msf+hC98VtQdWZVyRs0gBSUiNRkgOs5RnA=="
    }
  }
}
